
Microsoft Visual Studio Solution File, Format Version 12.00
# Visual Studio 14
VisualStudioVersion = 14.0.25420.1
MinimumVisualStudioVersion = 10.0.40219.1
Project("{FAE04EC0-301F-11D3-BF4B-00C04F79EFBC}") = "TCP服务器端", "TCP服务器端\TCP服务器端.csproj", "{3141CC18-88AF-480D-AC23-8BDFBD744983}"
EndProject
Project("{FAE04EC0-301F-11D3-BF4B-00C04F79EFBC}") = "TCP客户端", "TCP客户端\TCP客户端.csproj", "{F10A3831-CF55-4589-BBBB-C5E1DD73AB7C}"
EndProject
Project("{FAE04EC0-301F-11D3-BF4B-00C04F79EFBC}") = "数据转换成字节数组", "数据转换成字节数组\数据转换成字节数组.csproj", "{A780AD76-CC42-4907-81E6-580A54C1E337}"
EndProject
Project("{FAE04EC0-301F-11D3-BF4B-00C04F79EFBC}") = "Mysql数据库操作", "Mysql数据库操作\Mysql数据库操作.csproj", "{E2FC49D9-7525-46AD-AD1A-3A540BDA1CB4}"
EndProject
Project("{FAE04EC0-301F-11D3-BF4B-00C04F79EFBC}") = "游戏服务器端", "游戏服务器端\游戏服务器端.csproj", "{B03AEC74-0487-40B1-9082-0D6E9FF7D05A}"
EndProject
Project("{FAE04EC0-301F-11D3-BF4B-00C04F79EFBC}") = "Common", "Common\Common.csproj", "{155E3099-4CC5-4BCD-B0D6-A85F7B95E08F}"
EndProject
Global
	GlobalSection(SolutionConfigurationPlatforms) = preSolution
		Debug|Any CPU = Debug|Any CPU
		Release|Any CPU = Release|Any CPU
	EndGlobalSection
	GlobalSection(ProjectConfigurationPlatforms) = postSolution
		{3141CC18-88AF-480D-AC23-8BDFBD744983}.Debug|Any CPU.ActiveCfg = Debug|Any CPU
		{3141CC18-88AF-480D-AC23-8BDFBD744983}.Debug|Any CPU.Build.0 = Debug|Any CPU
		{3141CC18-88AF-480D-AC23-8BDFBD744983}.Release|Any CPU.ActiveCfg = Release|Any CPU
		{3141CC18-88AF-480D-AC23-8BDFBD744983}.Release|Any CPU.Build.0 = Release|Any CPU
		{F10A3831-CF55-4589-BBBB-C5E1DD73AB7C}.Debug|Any CPU.ActiveCfg = Debug|Any CPU
		{F10A3831-CF55-4589-BBBB-C5E1DD73AB7C}.Debug|Any CPU.Build.0 = Debug|Any CPU
		{F10A3831-CF55-4589-BBBB-C5E1DD73AB7C}.Release|Any CPU.ActiveCfg = Release|Any CPU
		{F10A3831-CF55-4589-BBBB-C5E1DD73AB7C}.Release|Any CPU.Build.0 = Release|Any CPU
		{A780AD76-CC42-4907-81E6-580A54C1E337}.Debug|Any CPU.ActiveCfg = Debug|Any CPU
		{A780AD76-CC42-4907-81E6-580A54C1E337}.Debug|Any CPU.Build.0 = Debug|Any CPU
		{A780AD76-CC42-4907-81E6-580A54C1E337}.Release|Any CPU.ActiveCfg = Release|Any CPU
		{A780AD76-CC42-4907-81E6-580A54C1E337}.Release|Any CPU.Build.0 = Release|Any CPU
		{E2FC49D9-7525-46AD-AD1A-3A540BDA1CB4}.Debug|Any CPU.ActiveCfg = Debug|Any CPU
		{E2FC49D9-7525-46AD-AD1A-3A540BDA1CB4}.Debug|Any CPU.Build.0 = Debug|Any CPU
		{E2FC49D9-7525-46AD-AD1A-3A540BDA1CB4}.Release|Any CPU.ActiveCfg = Release|Any CPU
		{E2FC49D9-7525-46AD-AD1A-3A540BDA1CB4}.Release|Any CPU.Build.0 = Release|Any CPU
		{B03AEC74-0487-40B1-9082-0D6E9FF7D05A}.Debug|Any CPU.ActiveCfg = Debug|Any CPU
		{B03AEC74-0487-40B1-9082-0D6E9FF7D05A}.Debug|Any CPU.Build.0 = Debug|Any CPU
		{B03AEC74-0487-40B1-9082-0D6E9FF7D05A}.Release|Any CPU.ActiveCfg = Release|Any CPU
		{B03AEC74-0487-40B1-9082-0D6E9FF7D05A}.Release|Any CPU.Build.0 = Release|Any CPU
		{155E3099-4CC5-4BCD-B0D6-A85F7B95E08F}.Debug|Any CPU.ActiveCfg = Debug|Any CPU
		{155E3099-4CC5-4BCD-B0D6-A85F7B95E08F}.Debug|Any CPU.Build.0 = Debug|Any CPU
		{155E3099-4CC5-4BCD-B0D6-A85F7B95E08F}.Release|Any CPU.ActiveCfg = Release|Any CPU
		{155E3099-4CC5-4BCD-B0D6-A85F7B95E08F}.Release|Any CPU.Build.0 = Release|Any CPU
	EndGlobalSection
	GlobalSection(SolutionProperties) = preSolution
		HideSolutionNode = FALSE
	EndGlobalSection
	GlobalSection(ExtensibilityGlobals) = postSolution
		SolutionGuid = {CD6FC3DB-2781-4E6F-94DC-DEC15A364090}
	EndGlobalSection
EndGlobal
